
Microsoft Visual Studio Solution File, Format Version 12.00
# Visual Studio 14
VisualStudioVersion = 14.0.25420.1
MinimumVisualStudioVersion = 10.0.40219.1
Project("{8BC9CEB8-8B4A-11D0-8D11-00A0C91BC942}") = "m", "ImageMatching_CorrelationCoefficient\match.vcxproj", "{FB113CCF-7AAD-48B1-B61D-33BEF7CC5C36}"
EndProject
Global
	GlobalSection(SolutionConfigurationPlatforms) = preSolution
		Debug|Win32 = Debug|Win32
		Release|Win32 = Release|Win32
	EndGlobalSection
	GlobalSection(ProjectConfigurationPlatforms) = postSolution
		{FB113CCF-7AAD-48B1-B61D-33BEF7CC5C36}.Debug|Win32.ActiveCfg = Debug|Win32
		{FB113CCF-7AAD-48B1-B61D-33BEF7CC5C36}.Debug|Win32.Build.0 = Debug|Win32
		{FB113CCF-7AAD-48B1-B61D-33BEF7CC5C36}.Release|Win32.ActiveCfg = Release|Win32
		{FB113CCF-7AAD-48B1-B61D-33BEF7CC5C36}.Release|Win32.Build.0 = Release|Win32
	EndGlobalSection
	GlobalSection(SolutionProperties) = preSolution
		HideSolutionNode = FALSE
	EndGlobalSection
EndGlobal
